
Microsoft Visual Studio Solution File, Format Version 12.00
# Visual Studio Version 17
VisualStudioVersion = 17.9.34728.123
MinimumVisualStudioVersion = 10.0.40219.1
Project("{FAE04EC0-301F-11D3-BF4B-00C04F79EFBC}") = "ModelValidationsExample", "ModelValidationsExample\ModelValidationsExample.csproj", "{94323710-B54C-466A-A745-9F0A3D7193F1}"
EndProject
Global
	GlobalSection(SolutionConfigurationPlatforms) = preSolution
		Debug|Any CPU = Debug|Any CPU
		Release|Any CPU = Release|Any CPU
	EndGlobalSection
	GlobalSection(ProjectConfigurationPlatforms) = postSolution
		{94323710-B54C-466A-A745-9F0A3D7193F1}.Debug|Any CPU.ActiveCfg = Debug|Any CPU
		{94323710-B54C-466A-A745-9F0A3D7193F1}.Debug|Any CPU.Build.0 = Debug|Any CPU
		{94323710-B54C-466A-A745-9F0A3D7193F1}.Release|Any CPU.ActiveCfg = Release|Any CPU
		{94323710-B54C-466A-A745-9F0A3D7193F1}.Release|Any CPU.Build.0 = Release|Any CPU
	EndGlobalSection
	GlobalSection(SolutionProperties) = preSolution
		HideSolutionNode = FALSE
	EndGlobalSection
	GlobalSection(ExtensibilityGlobals) = postSolution
		SolutionGuid = {FC6540E6-563F-4E54-8E5D-9E84F627C750}
	EndGlobalSection
EndGlobal
